{
  "name": "LAND_USE_APP",
  "lockfileVersion": 3,
  "requires": true,
  "packages": {
    "": {
      "dependencies": {
        "leaflet.offline": "^3.2.1"
      }
    },
    "node_modules/idb": {
      "version": "8.0.3",
      "resolved": "https://registry.npmjs.org/idb/-/idb-8.0.3.tgz",
      "integrity": "sha512-LtwtVyVYO5BqRvcsKuB2iUMnHwPVByPCXFXOpuU96IZPPoPN6xjOGxZQ74pgSVVLQWtUOYgyeL4GE98BY5D3wg==",
      "license": "ISC"
    },
    "node_modules/leaflet": {
      "version": "1.9.4",
      "resolved": "https://registry.npmjs.org/leaflet/-/leaflet-1.9.4.tgz",
      "integrity": "sha512-nxS1ynzJOmOlHp+iL3FyWqK89GtNL8U8rvlMOsQdTTssxZwCXh8N2NB3GDQOL+YR3XnWyZAxwQixURb+FA74PA==",
      "license": "BSD-2-Clause"
    },
    "node_modules/leaflet.offline": {
      "version": "3.2.1",
      "resolved": "https://registry.npmjs.org/leaflet.offline/-/leaflet.offline-3.2.1.tgz",
      "integrity": "sha512-bZUAMiHxWXhjIBiWmog1DjRbiOvTv2wmCUtEI8hdohjhfPreNxW69HukFPal52TPtakyVvyxzTUCqKsnF2bBZw==",
      "license": "ISC",
      "dependencies": {
        "idb": "^8.0.2",
        "leaflet": "^1.6.0"
      },
      "engines": {
        "node": ">=16"
      }
    }
  }
}
